{
  "name": "lmadactyl",
  "version": "1.0.0",
  "lockfileVersion": 2,
  "requires": true,
  "packages": {
    "": {
      "name": "lmadactyl",
      "version": "1.0.0",
      "license": "ISC",
      "dependencies": {
        "axios": "^0.26.0",
        "check-password-strength": "^2.0.4",
        "dotenv": "^16.0.0",
        "lmadactyl": "^1.0.0",
        "ws": "^8.5.0"
      },
      "devDependencies": {}
    },
    "node_modules/axios": {
      "version": "0.26.0",
      "resolved": "https://registry.npmjs.org/axios/-/axios-0.26.0.tgz",
      "integrity": "sha512-lKoGLMYtHvFrPVt3r+RBMp9nh34N0M8zEfCWqdWZx6phynIEhQqAdydpyBAAG211zlhX9Rgu08cOamy6XjE5Og==",
      "dependencies": {
        "follow-redirects": "^1.14.8"
      }
    },
    "node_modules/check-password-strength": {
      "version": "2.0.4",
      "resolved": "https://registry.npmjs.org/check-password-strength/-/check-password-strength-2.0.4.tgz",
      "integrity": "sha512-LcK1Ox8Jq3/3jI9kGtQ8b/FQqNsJjzLGfzlC9dHzMAP+l/RF9xcq21Uh3JpqX09lhQ7TZM++SsQrQ+sNHwaQqg=="
    },
    "node_modules/dotenv": {
      "version": "16.0.0",
      "resolved": "https://registry.npmjs.org/dotenv/-/dotenv-16.0.0.tgz",
      "integrity": "sha512-qD9WU0MPM4SWLPJy/r2Be+2WgQj8plChsyrCNQzW/0WjvcJQiKQJ9mH3ZgB3fxbUUxgc/11ZJ0Fi5KiimWGz2Q==",
      "engines": {
        "node": ">=12"
      }
    },
    "node_modules/follow-redirects": {
      "version": "1.14.9",
      "resolved": "https://registry.npmjs.org/follow-redirects/-/follow-redirects-1.14.9.tgz",
      "integrity": "sha512-MQDfihBQYMcyy5dhRDJUHcw7lb2Pv/TuE6xP1vyraLukNDHKbDxDNaOE3NbCAdKQApno+GPRyo1YAp89yCjK4w==",
      "funding": [
        {
          "type": "individual",
          "url": "https://github.com/sponsors/RubenVerborgh"
        }
      ],
      "engines": {
        "node": ">=4.0"
      },
      "peerDependenciesMeta": {
        "debug": {
          "optional": true
        }
      }
    },
    "node_modules/lmadactyl": {
      "version": "1.0.0",
      "resolved": "https://registry.npmjs.org/lmadactyl/-/lmadactyl-1.0.0.tgz",
      "integrity": "sha512-cbI4rNXpw/yW6IYGZsCpdA4w6aif1nMk6ZT1F+moc6Eigp5qtuHophJrkwTYWOcfrUxQpA/uSbsMYBfAAyBkpg==",
      "dependencies": {
        "axios": "^0.26.0",
        "check-password-strength": "^2.0.4",
        "dotenv": "^16.0.0",
        "ws": "^8.5.0"
      }
    },
    "node_modules/ws": {
      "version": "8.5.0",
      "resolved": "https://registry.npmjs.org/ws/-/ws-8.5.0.tgz",
      "integrity": "sha512-BWX0SWVgLPzYwF8lTzEy1egjhS4S4OEAHfsO8o65WOVsrnSRGaSiUaa9e0ggGlkMTtBlmOpEXiie9RUcBO86qg==",
      "engines": {
        "node": ">=10.0.0"
      },
      "peerDependencies": {
        "bufferutil": "^4.0.1",
        "utf-8-validate": "^5.0.2"
      },
      "peerDependenciesMeta": {
        "bufferutil": {
          "optional": true
        },
        "utf-8-validate": {
          "optional": true
        }
      }
    }
  },
  "dependencies": {
    "axios": {
      "version": "0.26.0",
      "resolved": "https://registry.npmjs.org/axios/-/axios-0.26.0.tgz",
      "integrity": "sha512-lKoGLMYtHvFrPVt3r+RBMp9nh34N0M8zEfCWqdWZx6phynIEhQqAdydpyBAAG211zlhX9Rgu08cOamy6XjE5Og==",
      "requires": {
        "follow-redirects": "^1.14.8"
      }
    },
    "check-password-strength": {
      "version": "2.0.4",
      "resolved": "https://registry.npmjs.org/check-password-strength/-/check-password-strength-2.0.4.tgz",
      "integrity": "sha512-LcK1Ox8Jq3/3jI9kGtQ8b/FQqNsJjzLGfzlC9dHzMAP+l/RF9xcq21Uh3JpqX09lhQ7TZM++SsQrQ+sNHwaQqg=="
    },
    "dotenv": {
      "version": "16.0.0",
      "resolved": "https://registry.npmjs.org/dotenv/-/dotenv-16.0.0.tgz",
      "integrity": "sha512-qD9WU0MPM4SWLPJy/r2Be+2WgQj8plChsyrCNQzW/0WjvcJQiKQJ9mH3ZgB3fxbUUxgc/11ZJ0Fi5KiimWGz2Q=="
    },
    "follow-redirects": {
      "version": "1.14.9",
      "resolved": "https://registry.npmjs.org/follow-redirects/-/follow-redirects-1.14.9.tgz",
      "integrity": "sha512-MQDfihBQYMcyy5dhRDJUHcw7lb2Pv/TuE6xP1vyraLukNDHKbDxDNaOE3NbCAdKQApno+GPRyo1YAp89yCjK4w=="
    },
    "lmadactyl": {
      "version": "1.0.0",
      "resolved": "https://registry.npmjs.org/lmadactyl/-/lmadactyl-1.0.0.tgz",
      "integrity": "sha512-cbI4rNXpw/yW6IYGZsCpdA4w6aif1nMk6ZT1F+moc6Eigp5qtuHophJrkwTYWOcfrUxQpA/uSbsMYBfAAyBkpg==",
      "requires": {
        "axios": "^0.26.0",
        "check-password-strength": "^2.0.4",
        "dotenv": "^16.0.0",
        "ws": "^8.5.0"
      }
    },
    "ws": {
      "version": "8.5.0",
      "resolved": "https://registry.npmjs.org/ws/-/ws-8.5.0.tgz",
      "integrity": "sha512-BWX0SWVgLPzYwF8lTzEy1egjhS4S4OEAHfsO8o65WOVsrnSRGaSiUaa9e0ggGlkMTtBlmOpEXiie9RUcBO86qg==",
      "requires": {}
    }
  }
}
